// !$*UTF8*$!
{
	archiveVersion = 1;
	classes = {
	};
	objectVersion = 46;
	objects = {

/* Begin PBXBuildFile section */
		B0183AAA1BBA61C4008B0D35 /* AppDelegate.swift in Sources */ = {isa = PBXBuildFile; fileRef = B0183AA91BBA61C4008B0D35 /* AppDelegate.swift */; };
		B0183AAC1BBA61C4008B0D35 /* ViewController.swift in Sources */ = {isa = PBXBuildFile; fileRef = B0183AAB1BBA61C4008B0D35 /* ViewController.swift */; };
		B0183AAF1BBA61C4008B0D35 /* Main.storyboard in Resources */ = {isa = PBXBuildFile; fileRef = B0183AAD1BBA61C4008B0D35 /* Main.storyboard */; };
		B0183AB11BBA61C4008B0D35 /* Assets.xcassets in Resources */ = {isa = PBXBuildFile; fileRef = B0183AB01BBA61C4008B0D35 /* Assets.xcassets */; };
		B0183AB41BBA61C4008B0D35 /* LaunchScreen.storyboard in Resources */ = {isa = PBXBuildFile; fileRef = B0183AB21BBA61C4008B0D35 /* LaunchScreen.storyboard */; };
		B0183ABF1BBA61C4008B0D35 /* MailboxTests.swift in Sources */ = {isa = PBXBuildFile; fileRef = B0183ABE1BBA61C4008B0D35 /* MailboxTests.swift */; };
		B0183ACA1BBA61C4008B0D35 /* MailboxUITests.swift in Sources */ = {isa = PBXBuildFile; fileRef = B0183AC91BBA61C4008B0D35 /* MailboxUITests.swift */; };
/* End PBXBuildFile section */

/* Begin PBXContainerItemProxy section */
		B0183ABB1BBA61C4008B0D35 /* PBXContainerItemProxy */ = {
			isa = PBXContainerItemProxy;
			containerPortal = B0183A9E1BBA61C4008B0D35 /* Project object */;
			proxyType = 1;
			remoteGlobalIDString = B0183AA51BBA61C4008B0D35;
			remoteInfo = Mailbox;
		};
		B0183AC61BBA61C4008B0D35 /* PBXContainerItemProxy */ = {
			isa = PBXContainerItemProxy;
			containerPortal = B0183A9E1BBA61C4008B0D35 /* Project object */;
			proxyType = 1;
			remoteGlobalIDString = B0183AA51BBA61C4008B0D35;
			remoteInfo = Mailbox;
		};
/* End PBXContainerItemProxy section */

/* Begin PBXFileReference section */
		B0183AA61BBA61C4008B0D35 /* Mailbox.app */ = {isa = PBXFileReference; explicitFileType = wrapper.application; includeInIndex = 0; path = Mailbox.app; sourceTree = BUILT_PRODUCTS_DIR; };
		B0183AA91BBA61C4008B0D35 /* AppDelegate.swift */ = {isa = PBXFileReference; lastKnownFileType = sourcecode.swift; path = AppDelegate.swift; sourceTree = "<group>"; };
		B0183AAB1BBA61C4008B0D35 /* ViewController.swift */ = {isa = PBXFileReference; lastKnownFileType = sourcecode.swift; path = ViewController.swift; sourceTree = "<group>"; };
		B0183AAE1BBA61C4008B0D35 /* Base */ = {isa = PBXFileReference; lastKnownFileType = file.storyboard; name = Base; path = Base.lproj/Main.storyboard; sourceTree = "<group>"; };
		B0183AB01BBA61C4008B0D35 /* Assets.xcassets */ = {isa = PBXFileReference; lastKnownFileType = folder.assetcatalog; path = Assets.xcassets; sourceTree = "<group>"; };
		B0183AB31BBA61C4008B0D35 /* Base */ = {isa = PBXFileReference; lastKnownFileType = file.storyboard; name = Base; path = Base.lproj/LaunchScreen.storyboard; sourceTree = "<group>"; };
		B0183AB51BBA61C4008B0D35 /* Info.plist */ = {isa = PBXFileReference; lastKnownFileType = text.plist.xml; path = Info.plist; sourceTree = "<group>"; };
		B0183ABA1BBA61C4008B0D35 /* MailboxTests.xctest */ = {isa = PBXFileReference; explicitFileType = wrapper.cfbundle; includeInIndex = 0; path = MailboxTests.xctest; sourceTree = BUILT_PRODUCTS_DIR; };
		B0183ABE1BBA61C4008B0D35 /* MailboxTests.swift */ = {isa = PBXFileReference; lastKnownFileType = sourcecode.swift; path = MailboxTests.swift; sourceTree = "<group>"; };
		B0183AC01BBA61C4008B0D35 /* Info.plist */ = {isa = PBXFileReference; lastKnownFileType = text.plist.xml; path = Info.plist; sourceTree = "<group>"; };
		B0183AC51BBA61C4008B0D35 /* MailboxUITests.xctest */ = {isa = PBXFileReference; explicitFileType = wrapper.cfbundle; includeInIndex = 0; path = MailboxUITests.xctest; sourceTree = BUILT_PRODUCTS_DIR; };
		B0183AC91BBA61C4008B0D35 /* MailboxUITests.swift */ = {isa = PBXFileReference; lastKnownFileType = sourcecode.swift; path = MailboxUITests.swift; sourceTree = "<group>"; };
		B0183ACB1BBA61C4008B0D35 /* Info.plist */ = {isa = PBXFileReference; lastKnownFileType = text.plist.xml; path = Info.plist; sourceTree = "<group>"; };
/* End PBXFileReference section */

/* Begin PBXFrameworksBuildPhase section */
		B0183AA31BBA61C4008B0D35 /* Frameworks */ = {
			isa = PBXFrameworksBuildPhase;
			buildActionMask = 2147483647;
			files = (
			);
			runOnlyForDeploymentPostprocessing = 0;
		};
		B0183AB71BBA61C4008B0D35 /* Frameworks */ = {
			isa = PBXFrameworksBuildPhase;
			buildActionMask = 2147483647;
			files = (
			);
			runOnlyForDeploymentPostprocessing = 0;
		};
		B0183AC21BBA61C4008B0D35 /* Frameworks */ = {
			isa = PBXFrameworksBuildPhase;
			buildActionMask = 2147483647;
			files = (
			);
			runOnlyForDeploymentPostprocessing = 0;
		};
/* End PBXFrameworksBuildPhase section */

/* Begin PBXGroup section */
		B0183A9D1BBA61C4008B0D35 = {
			isa = PBXGroup;
			children = (
				B0183AA81BBA61C4008B0D35 /* Mailbox */,
				B0183ABD1BBA61C4008B0D35 /* MailboxTests */,
				B0183AC81BBA61C4008B0D35 /* MailboxUITests */,
				B0183AA71BBA61C4008B0D35 /* Products */,
			);
			sourceTree = "<group>";
		};
		B0183AA71BBA61C4008B0D35 /* Products */ = {
			isa = PBXGroup;
			children = (
				B0183AA61BBA61C4008B0D35 /* Mailbox.app */,
				B0183ABA1BBA61C4008B0D35 /* MailboxTests.xctest */,
				B0183AC51BBA61C4008B0D35 /* MailboxUITests.xctest */,
			);
			name = Products;
			sourceTree = "<group>";
		};
		B0183AA81BBA61C4008B0D35 /* Mailbox */ = {
			isa = PBXGroup;
			children = (
				B0183AA91BBA61C4008B0D35 /* AppDelegate.swift */,
				B0183AAB1BBA61C4008B0D35 /* ViewController.swift */,
				B0183AAD1BBA61C4008B0D35 /* Main.storyboard */,
				B0183AB01BBA61C4008B0D35 /* Assets.xcassets */,
				B0183AB21BBA61C4008B0D35 /* LaunchScreen.storyboard */,
				B0183AB51BBA61C4008B0D35 /* Info.plist */,
			);
			path = Mailbox;
			sourceTree = "<group>";
		};
		B0183ABD1BBA61C4008B0D35 /* MailboxTests */ = {
			isa = PBXGroup;
			children = (
				B0183ABE1BBA61C4008B0D35 /* MailboxTests.swift */,
				B0183AC01BBA61C4008B0D35 /* Info.plist */,
			);
			path = MailboxTests;
			sourceTree = "<group>";
		};
		B0183AC81BBA61C4008B0D35 /* MailboxUITests */ = {
			isa = PBXGroup;
			children = (
				B0183AC91BBA61C4008B0D35 /* MailboxUITests.swift */,
				B0183ACB1BBA61C4008B0D35 /* Info.plist */,
			);
			path = MailboxUITests;
			sourceTree = "<group>";
		};
/* End PBXGroup section */

/* Begin PBXNativeTarget section */
		B0183AA51BBA61C4008B0D35 /* Mailbox */ = {
			isa = PBXNativeTarget;
			buildConfigurationList = B0183ACE1BBA61C4008B0D35 /* Build configuration list for PBXNativeTarget "Mailbox" */;
			buildPhases = (
				B0183AA21BBA61C4008B0D35 /* Sources */,
				B0183AA31BBA61C4008B0D35 /* Frameworks */,
				B0183AA41BBA61C4008B0D35 /* Resources */,
			);
			buildRules = (
			);
			dependencies = (
			);
			name = Mailbox;
			productName = Mailbox;
			productReference = B0183AA61BBA61C4008B0D35 /* Mailbox.app */;
			productType = "com.apple.product-type.application";
		};
		B0183AB91BBA61C4008B0D35 /* MailboxTests */ = {
			isa = PBXNativeTarget;
			buildConfigurationList = B0183AD11BBA61C4008B0D35 /* Build configuration list for PBXNativeTarget "MailboxTests" */;
			buildPhases = (
				B0183AB61BBA61C4008B0D35 /* Sources */,
				B0183AB71BBA61C4008B0D35 /* Frameworks */,
				B0183AB81BBA61C4008B0D35 /* Resources */,
			);
			buildRules = (
			);
			dependencies = (
				B0183ABC1BBA61C4008B0D35 /* PBXTargetDependency */,
			);
			name = MailboxTests;
			productName = MailboxTests;
			productReference = B0183ABA1BBA61C4008B0D35 /* MailboxTests.xctest */;
			productType = "com.apple.product-type.bundle.unit-test";
		};
		B0183AC41BBA61C4008B0D35 /* MailboxUITests */ = {
			isa = PBXNativeTarget;
			buildConfigurationList = B0183AD41BBA61C4008B0D35 /* Build configuration list for PBXNativeTarget "MailboxUITests" */;
			buildPhases = (
				B0183AC11BBA61C4008B0D35 /* Sources */,
				B0183AC21BBA61C4008B0D35 /* Frameworks */,
				B0183AC31BBA61C4008B0D35 /* Resources */,
			);
			buildRules = (
			);
			dependencies = (
				B0183AC71BBA61C4008B0D35 /* PBXTargetDependency */,
			);
			name = MailboxUITests;
			productName = MailboxUITests;
			productReference = B0183AC51BBA61C4008B0D35 /* MailboxUITests.xctest */;
			productType = "com.apple.product-type.bundle.ui-testing";
		};
/* End PBXNativeTarget section */

/* Begin PBXProject section */
		B0183A9E1BBA61C4008B0D35 /* Project object */ = {
			isa = PBXProject;
			attributes = {
				LastUpgradeCheck = 0700;
				ORGANIZATIONNAME = "Sean Smith";
				TargetAttributes = {
					B0183AA51BBA61C4008B0D35 = {
						CreatedOnToolsVersion = 7.0;
					};
					B0183AB91BBA61C4008B0D35 = {
						CreatedOnToolsVersion = 7.0;
						TestTargetID = B0183AA51BBA61C4008B0D35;
					};
					B0183AC41BBA61C4008B0D35 = {
						CreatedOnToolsVersion = 7.0;
						TestTargetID = B0183AA51BBA61C4008B0D35;
					};
				};
			};
			buildConfigurationList = B0183AA11BBA61C4008B0D35 /* Build configuration list for PBXProject "Mailbox" */;
			compatibilityVersion = "Xcode 3.2";
			developmentRegion = English;
			hasScannedForEncodings = 0;
			knownRegions = (
				en,
				Base,
			);
			mainGroup = B0183A9D1BBA61C4008B0D35;
			productRefGroup = B0183AA71BBA61C4008B0D35 /* Products */;
			projectDirPath = "";
			projectRoot = "";
			targets = (
				B0183AA51BBA61C4008B0D35 /* Mailbox */,
				B0183AB91BBA61C4008B0D35 /* MailboxTests */,
				B0183AC41BBA61C4008B0D35 /* MailboxUITests */,
			);
		};
/* End PBXProject section */

/* Begin PBXResourcesBuildPhase section */
		B0183AA41BBA61C4008B0D35 /* Resources */ = {
			isa = PBXResourcesBuildPhase;
			buildActionMask = 2147483647;
			files = (
				B0183AB41BBA61C4008B0D35 /* LaunchScreen.storyboard in Resources */,
				B0183AB11BBA61C4008B0D35 /* Assets.xcassets in Resources */,
				B0183AAF1BBA61C4008B0D35 /* Main.storyboard in Resources */,
			);
			runOnlyForDeploymentPostprocessing = 0;
		};
		B0183AB81BBA61C4008B0D35 /* Resources */ = {
			isa = PBXResourcesBuildPhase;
			buildActionMask = 2147483647;
			files = (
			);
			runOnlyForDeploymentPostprocessing = 0;
		};
		B0183AC31BBA61C4008B0D35 /* Resources */ = {
			isa = PBXResourcesBuildPhase;
			buildActionMask = 2147483647;
			files = (
			);
			runOnlyForDeploymentPostprocessing = 0;
		};
/* End PBXResourcesBuildPhase section */

/* Begin PBXSourcesBuildPhase section */
		B0183AA21BBA61C4008B0D35 /* Sources */ = {
			isa = PBXSourcesBuildPhase;
			buildActionMask = 2147483647;
			files = (
				B0183AAC1BBA61C4008B0D35 /* ViewController.swift in Sources */,
				B0183AAA1BBA61C4008B0D35 /* AppDelegate.swift in Sources */,
			);
			runOnlyForDeploymentPostprocessing = 0;
		};
		B0183AB61BBA61C4008B0D35 /* Sources */ = {
			isa = PBXSourcesBuildPhase;
			buildActionMask = 2147483647;
			files = (
				B0183ABF1BBA61C4008B0D35 /* MailboxTests.swift in Sources */,
			);
			runOnlyForDeploymentPostprocessing = 0;
		};
		B0183AC11BBA61C4008B0D35 /* Sources */ = {
			isa = PBXSourcesBuildPhase;
			buildActionMask = 2147483647;
			files = (
				B0183ACA1BBA61C4008B0D35 /* MailboxUITests.swift in Sources */,
			);
			runOnlyForDeploymentPostprocessing = 0;
		};
/* End PBXSourcesBuildPhase section */

/* Begin PBXTargetDependency section */
		B0183ABC1BBA61C4008B0D35 /* PBXTargetDependency */ = {
			isa = PBXTargetDependency;
			target = B0183AA51BBA61C4008B0D35 /* Mailbox */;
			targetProxy = B0183ABB1BBA61C4008B0D35 /* PBXContainerItemProxy */;
		};
		B0183AC71BBA61C4008B0D35 /* PBXTargetDependency */ = {
			isa = PBXTargetDependency;
			target = B0183AA51BBA61C4008B0D35 /* Mailbox */;
			targetProxy = B0183AC61BBA61C4008B0D35 /* PBXContainerItemProxy */;
		};
/* End PBXTargetDependency section */

/* Begin PBXVariantGroup section */
		B0183AAD1BBA61C4008B0D35 /* Main.storyboard */ = {
			isa = PBXVariantGroup;
			children = (
				B0183AAE1BBA61C4008B0D35 /* Base */,
			);
			name = Main.storyboard;
			sourceTree = "<group>";
		};
		B0183AB21BBA61C4008B0D35 /* LaunchScreen.storyboard */ = {
			isa = PBXVariantGroup;
			children = (
				B0183AB31BBA61C4008B0D35 /* Base */,
			);
			name = LaunchScreen.storyboard;
			sourceTree = "<group>";
		};
/* End PBXVariantGroup section */

/* Begin XCBuildConfiguration section */
		B0183ACC1BBA61C4008B0D35 /* Debug */ = {
			isa = XCBuildConfiguration;
			buildSettings = {
				ALWAYS_SEARCH_USER_PATHS = NO;
				CLANG_CXX_LANGUAGE_STANDARD = "gnu++0x";
				CLANG_CXX_LIBRARY = "libc++";
				CLANG_ENABLE_MODULES = YES;
				CLANG_ENABLE_OBJC_ARC = YES;
				CLANG_WARN_BOOL_CONVERSION = YES;
				CLANG_WARN_CONSTANT_CONVERSION = YES;
				CLANG_WARN_DIRECT_OBJC_ISA_USAGE = YES_ERROR;
				CLANG_WARN_EMPTY_BODY = YES;
				CLANG_WARN_ENUM_CONVERSION = YES;
				CLANG_WARN_INT_CONVERSION = YES;
				CLANG_WARN_OBJC_ROOT_CLASS = YES_ERROR;
				CLANG_WARN_UNREACHABLE_CODE = YES;
				CLANG_WARN__DUPLICATE_METHOD_MATCH = YES;
				"CODE_SIGN_IDENTITY[sdk=iphoneos*]" = "iPhone Developer";
				COPY_PHASE_STRIP = NO;
				DEBUG_INFORMATION_FORMAT = dwarf;
				ENABLE_STRICT_OBJC_MSGSEND = YES;
				ENABLE_TESTABILITY = YES;
				GCC_C_LANGUAGE_STANDARD = gnu99;
				GCC_DYNAMIC_NO_PIC = NO;
				GCC_NO_COMMON_BLOCKS = YES;
				GCC_OPTIMIZATION_LEVEL = 0;
				GCC_PREPROCESSOR_DEFINITIONS = (
					"DEBUG=1",
					"$(inherited)",
				);
				GCC_WARN_64_TO_32_BIT_CONVERSION = YES;
				GCC_WARN_ABOUT_RETURN_TYPE = YES_ERROR;
				GCC_WARN_UNDECLARED_SELECTOR = YES;
				GCC_WARN_UNINITIALIZED_AUTOS = YES_AGGRESSIVE;
				GCC_WARN_UNUSED_FUNCTION = YES;
				GCC_WARN_UNUSED_VARIABLE = YES;
				IPHONEOS_DEPLOYMENT_TARGET = 9.0;
				MTL_ENABLE_DEBUG_INFO = YES;
				ONLY_ACTIVE_ARCH = YES;
				SDKROOT = iphoneos;
				SWIFT_OPTIMIZATION_LEVEL = "-Onone";
			};
			name = Debug;
		};
		B0183ACD1BBA61C4008B0D35 /* Release */ = {
			isa = XCBuildConfiguration;
			buildSettings = {
				ALWAYS_SEARCH_USER_PATHS = NO;
				CLANG_CXX_LANGUAGE_STANDARD = "gnu++0x";
				CLANG_CXX_LIBRARY = "libc++";
				CLANG_ENABLE_MODULES = YES;
				CLANG_ENABLE_OBJC_ARC = YES;
				CLANG_WARN_BOOL_CONVERSION = YES;
				CLANG_WARN_CONSTANT_CONVERSION = YES;
				CLANG_WARN_DIRECT_OBJC_ISA_USAGE = YES_ERROR;
				CLANG_WARN_EMPTY_BODY = YES;
				CLANG_WARN_ENUM_CONVERSION = YES;
				CLANG_WARN_INT_CONVERSION = YES;
				CLANG_WARN_OBJC_ROOT_CLASS = YES_ERROR;
				CLANG_WARN_UNREACHABLE_CODE = YES;
				CLANG_WARN__DUPLICATE_METHOD_MATCH = YES;
				"CODE_SIGN_IDENTITY[sdk=iphoneos*]" = "iPhone Developer";
				COPY_PHASE_STRIP = NO;
				DEBUG_INFORMATION_FORMAT = "dwarf-with-dsym";
				ENABLE_NS_ASSERTIONS = NO;
				ENABLE_STRICT_OBJC_MSGSEND = YES;
				GCC_C_LANGUAGE_STANDARD = gnu99;
				GCC_NO_COMMON_BLOCKS = YES;
				GCC_WARN_64_TO_32_BIT_CONVERSION = YES;
				GCC_WARN_ABOUT_RETURN_TYPE = YES_ERROR;
				GCC_WARN_UNDECLARED_SELECTOR = YES;
				GCC_WARN_UNINITIALIZED_AUTOS = YES_AGGRESSIVE;
				GCC_WARN_UNUSED_FUNCTION = YES;
				GCC_WARN_UNUSED_VARIABLE = YES;
				IPHONEOS_DEPLOYMENT_TARGET = 9.0;
				MTL_ENABLE_DEBUG_INFO = NO;
				SDKROOT = iphoneos;
				VALIDATE_PRODUCT = YES;
			};
			name = Release;
		};
		B0183ACF1BBA61C4008B0D35 /* Debug */ = {
			isa = XCBuildConfiguration;
			buildSettings = {
				ASSETCATALOG_COMPILER_APPICON_NAME = AppIcon;
				INFOPLIST_FILE = Mailbox/Info.plist;
				LD_RUNPATH_SEARCH_PATHS = "$(inherited) @executable_path/Frameworks";
				PRODUCT_BUNDLE_IDENTIFIER = seanston.Mailbox;
				PRODUCT_NAME = "$(TARGET_NAME)";
			};
			name = Debug;
		};
		B0183AD01BBA61C4008B0D35 /* Release */ = {
			isa = XCBuildConfiguration;
			buildSettings = {
				ASSETCATALOG_COMPILER_APPICON_NAME = AppIcon;
				INFOPLIST_FILE = Mailbox/Info.plist;
				LD_RUNPATH_SEARCH_PATHS = "$(inherited) @executable_path/Frameworks";
				PRODUCT_BUNDLE_IDENTIFIER = seanston.Mailbox;
				PRODUCT_NAME = "$(TARGET_NAME)";
			};
			name = Release;
		};
		B0183AD21BBA61C4008B0D35 /* Debug */ = {
			isa = XCBuildConfiguration;
			buildSettings = {
				BUNDLE_LOADER = "$(TEST_HOST)";
				INFOPLIST_FILE = MailboxTests/Info.plist;
				LD_RUNPATH_SEARCH_PATHS = "$(inherited) @executable_path/Frameworks @loader_path/Frameworks";
				PRODUCT_BUNDLE_IDENTIFIER = seanston.MailboxTests;
				PRODUCT_NAME = "$(TARGET_NAME)";
				TEST_HOST = "$(BUILT_PRODUCTS_DIR)/Mailbox.app/Mailbox";
			};
			name = Debug;
		};
		B0183AD31BBA61C4008B0D35 /* Release */ = {
			isa = XCBuildConfiguration;
			buildSettings = {
				BUNDLE_LOADER = "$(TEST_HOST)";
				INFOPLIST_FILE = MailboxTests/Info.plist;
				LD_RUNPATH_SEARCH_PATHS = "$(inherited) @executable_path/Frameworks @loader_path/Frameworks";
				PRODUCT_BUNDLE_IDENTIFIER = seanston.MailboxTests;
				PRODUCT_NAME = "$(TARGET_NAME)";
				TEST_HOST = "$(BUILT_PRODUCTS_DIR)/Mailbox.app/Mailbox";
			};
			name = Release;
		};
		B0183AD51BBA61C4008B0D35 /* Debug */ = {
			isa = XCBuildConfiguration;
			buildSettings = {
				INFOPLIST_FILE = MailboxUITests/Info.plist;
				LD_RUNPATH_SEARCH_PATHS = "$(inherited) @executable_path/Frameworks @loader_path/Frameworks";
				PRODUCT_BUNDLE_IDENTIFIER = seanston.MailboxUITests;
				PRODUCT_NAME = "$(TARGET_NAME)";
				TEST_TARGET_NAME = Mailbox;
				USES_XCTRUNNER = YES;
			};
			name = Debug;
		};
		B0183AD61BBA61C4008B0D35 /* Release */ = {
			isa = XCBuildConfiguration;
			buildSettings = {
				INFOPLIST_FILE = MailboxUITests/Info.plist;
				LD_RUNPATH_SEARCH_PATHS = "$(inherited) @executable_path/Frameworks @loader_path/Frameworks";
				PRODUCT_BUNDLE_IDENTIFIER = seanston.MailboxUITests;
				PRODUCT_NAME = "$(TARGET_NAME)";
				TEST_TARGET_NAME = Mailbox;
				USES_XCTRUNNER = YES;
			};
			name = Release;
		};
/* End XCBuildConfiguration section */

/* Begin XCConfigurationList section */
		B0183AA11BBA61C4008B0D35 /* Build configuration list for PBXProject "Mailbox" */ = {
			isa = XCConfigurationList;
			buildConfigurations = (
				B0183ACC1BBA61C4008B0D35 /* Debug */,
				B0183ACD1BBA61C4008B0D35 /* Release */,
			);
			defaultConfigurationIsVisible = 0;
			defaultConfigurationName = Release;
		};
		B0183ACE1BBA61C4008B0D35 /* Build configuration list for PBXNativeTarget "Mailbox" */ = {
			isa = XCConfigurationList;
			buildConfigurations = (
				B0183ACF1BBA61C4008B0D35 /* Debug */,
				B0183AD01BBA61C4008B0D35 /* Release */,
			);
			defaultConfigurationIsVisible = 0;
		};
		B0183AD11BBA61C4008B0D35 /* Build configuration list for PBXNativeTarget "MailboxTests" */ = {
			isa = XCConfigurationList;
			buildConfigurations = (
				B0183AD21BBA61C4008B0D35 /* Debug */,
				B0183AD31BBA61C4008B0D35 /* Release */,
			);
			defaultConfigurationIsVisible = 0;
		};
		B0183AD41BBA61C4008B0D35 /* Build configuration list for PBXNativeTarget "MailboxUITests" */ = {
			isa = XCConfigurationList;
			buildConfigurations = (
				B0183AD51BBA61C4008B0D35 /* Debug */,
				B0183AD61BBA61C4008B0D35 /* Release */,
			);
			defaultConfigurationIsVisible = 0;
		};
/* End XCConfigurationList section */
	};
	rootObject = B0183A9E1BBA61C4008B0D35 /* Project object */;
}
